<Solution>
  <Project Path="StudyManager.ConsoleApp/StudyManager.ConsoleApp.csproj" />
  <Project Path="StudyManager.Presentation/StudyManager.Presentation.csproj" />
  <Project Path="StudyManager.Services/StudyManager.Services.csproj" />
  <Project Path="StudyManager.Storage/StudyManager.Storage.csproj" />
  <Project Path="StudyManager.WpfApp/StudyManager.WpfApp.csproj" />
</Solution>
